
Microsoft Visual Studio Solution File, Format Version 12.00
# Visual Studio 15
VisualStudioVersion = 15.0.28010.2050
MinimumVisualStudioVersion = 10.0.40219.1
Project("{FAE04EC0-301F-11D3-BF4B-00C04F79EFBC}") = "MultiplayerXox", "MultiplayerXox\MultiplayerXox.csproj", "{DD38F4E6-B5B5-4918-A439-BA13B17EA554}"
EndProject
Global
	GlobalSection(SolutionConfigurationPlatforms) = preSolution
		Debug|Any CPU = Debug|Any CPU
		Release|Any CPU = Release|Any CPU
	EndGlobalSection
	GlobalSection(ProjectConfigurationPlatforms) = postSolution
		{DD38F4E6-B5B5-4918-A439-BA13B17EA554}.Debug|Any CPU.ActiveCfg = Debug|Any CPU
		{DD38F4E6-B5B5-4918-A439-BA13B17EA554}.Debug|Any CPU.Build.0 = Debug|Any CPU
		{DD38F4E6-B5B5-4918-A439-BA13B17EA554}.Release|Any CPU.ActiveCfg = Release|Any CPU
		{DD38F4E6-B5B5-4918-A439-BA13B17EA554}.Release|Any CPU.Build.0 = Release|Any CPU
	EndGlobalSection
	GlobalSection(SolutionProperties) = preSolution
		HideSolutionNode = FALSE
	EndGlobalSection
	GlobalSection(ExtensibilityGlobals) = postSolution
		SolutionGuid = {EF0DA6CC-D115-487F-9144-C04B8AFDEBE3}
	EndGlobalSection
EndGlobal
